
Microsoft Visual Studio Solution File, Format Version 12.00
# Visual Studio 15
VisualStudioVersion = 15.0.28307.421
MinimumVisualStudioVersion = 10.0.40219.1
Project("{FAE04EC0-301F-11D3-BF4B-00C04F79EFBC}") = "News_Project", "News_Project\News_Project.csproj", "{75A403FE-A30A-4080-B642-32BE2FA2B718}"
EndProject
Global
	GlobalSection(SolutionConfigurationPlatforms) = preSolution
		Debug|Any CPU = Debug|Any CPU
		Release|Any CPU = Release|Any CPU
	EndGlobalSection
	GlobalSection(ProjectConfigurationPlatforms) = postSolution
		{75A403FE-A30A-4080-B642-32BE2FA2B718}.Debug|Any CPU.ActiveCfg = Debug|Any CPU
		{75A403FE-A30A-4080-B642-32BE2FA2B718}.Debug|Any CPU.Build.0 = Debug|Any CPU
		{75A403FE-A30A-4080-B642-32BE2FA2B718}.Release|Any CPU.ActiveCfg = Release|Any CPU
		{75A403FE-A30A-4080-B642-32BE2FA2B718}.Release|Any CPU.Build.0 = Release|Any CPU
	EndGlobalSection
	GlobalSection(SolutionProperties) = preSolution
		HideSolutionNode = FALSE
	EndGlobalSection
	GlobalSection(ExtensibilityGlobals) = postSolution
		SolutionGuid = {95AF77DB-04AB-4ADF-958A-473BFAD874CD}
	EndGlobalSection
EndGlobal
